
Microsoft Visual Studio Solution File, Format Version 12.00
# Visual Studio Version 16
VisualStudioVersion = 16.0.28803.352
MinimumVisualStudioVersion = 10.0.40219.1
Project("{FAE04EC0-301F-11D3-BF4B-00C04F79EFBC}") = "FileDialog", "FileDialog\FileDialog.csproj", "{80BFCFFA-258A-464B-91C8-239615EC7378}"
EndProject
Global
	GlobalSection(SolutionConfigurationPlatforms) = preSolution
		Debug|Any CPU = Debug|Any CPU
		Release|Any CPU = Release|Any CPU
	EndGlobalSection
	GlobalSection(ProjectConfigurationPlatforms) = postSolution
		{80BFCFFA-258A-464B-91C8-239615EC7378}.Debug|Any CPU.ActiveCfg = Debug|Any CPU
		{80BFCFFA-258A-464B-91C8-239615EC7378}.Debug|Any CPU.Build.0 = Debug|Any CPU
		{80BFCFFA-258A-464B-91C8-239615EC7378}.Release|Any CPU.ActiveCfg = Release|Any CPU
		{80BFCFFA-258A-464B-91C8-239615EC7378}.Release|Any CPU.Build.0 = Release|Any CPU
	EndGlobalSection
	GlobalSection(SolutionProperties) = preSolution
		HideSolutionNode = FALSE
	EndGlobalSection
	GlobalSection(ExtensibilityGlobals) = postSolution
		SolutionGuid = {1757A34F-D100-4C80-A90D-7BDB2AD514F0}
	EndGlobalSection
EndGlobal
