
Microsoft Visual Studio Solution File, Format Version 12.00
# Visual Studio Version 16
VisualStudioVersion = 16.0.28803.352
MinimumVisualStudioVersion = 10.0.40219.1
Project("{FAE04EC0-301F-11D3-BF4B-00C04F79EFBC}") = "KathleensParty3.0", "KathleensParty3.0\KathleensParty3.0.csproj", "{5C30CAF5-D9BC-4FED-BFF5-4FD3ED559928}"
EndProject
Global
	GlobalSection(SolutionConfigurationPlatforms) = preSolution
		Debug|Any CPU = Debug|Any CPU
		Release|Any CPU = Release|Any CPU
	EndGlobalSection
	GlobalSection(ProjectConfigurationPlatforms) = postSolution
		{5C30CAF5-D9BC-4FED-BFF5-4FD3ED559928}.Debug|Any CPU.ActiveCfg = Debug|Any CPU
		{5C30CAF5-D9BC-4FED-BFF5-4FD3ED559928}.Debug|Any CPU.Build.0 = Debug|Any CPU
		{5C30CAF5-D9BC-4FED-BFF5-4FD3ED559928}.Release|Any CPU.ActiveCfg = Release|Any CPU
		{5C30CAF5-D9BC-4FED-BFF5-4FD3ED559928}.Release|Any CPU.Build.0 = Release|Any CPU
	EndGlobalSection
	GlobalSection(SolutionProperties) = preSolution
		HideSolutionNode = FALSE
	EndGlobalSection
	GlobalSection(ExtensibilityGlobals) = postSolution
		SolutionGuid = {31AC18EE-6EC6-4F4A-BB05-903222650AE3}
	EndGlobalSection
EndGlobal
