
Microsoft Visual Studio Solution File, Format Version 12.00
# Visual Studio Version 16
VisualStudioVersion = 16.0.28803.202
MinimumVisualStudioVersion = 10.0.40219.1
Project("{FAE04EC0-301F-11D3-BF4B-00C04F79EFBC}") = "TypingGame$", "TypingGame$\TypingGame$.csproj", "{A352058A-7B32-4EFC-B196-E81AAA6B7FAF}"
EndProject
Global
	GlobalSection(SolutionConfigurationPlatforms) = preSolution
		Debug|Any CPU = Debug|Any CPU
		Release|Any CPU = Release|Any CPU
	EndGlobalSection
	GlobalSection(ProjectConfigurationPlatforms) = postSolution
		{A352058A-7B32-4EFC-B196-E81AAA6B7FAF}.Debug|Any CPU.ActiveCfg = Debug|Any CPU
		{A352058A-7B32-4EFC-B196-E81AAA6B7FAF}.Debug|Any CPU.Build.0 = Debug|Any CPU
		{A352058A-7B32-4EFC-B196-E81AAA6B7FAF}.Release|Any CPU.ActiveCfg = Release|Any CPU
		{A352058A-7B32-4EFC-B196-E81AAA6B7FAF}.Release|Any CPU.Build.0 = Release|Any CPU
	EndGlobalSection
	GlobalSection(SolutionProperties) = preSolution
		HideSolutionNode = FALSE
	EndGlobalSection
	GlobalSection(ExtensibilityGlobals) = postSolution
		SolutionGuid = {725ACFFA-41EE-48F2-8929-2B9F148C8F18}
	EndGlobalSection
EndGlobal
