
Microsoft Visual Studio Solution File, Format Version 12.00
# Visual Studio Version 16
VisualStudioVersion = 16.0.28803.452
MinimumVisualStudioVersion = 10.0.40219.1
Project("{FAE04EC0-301F-11D3-BF4B-00C04F79EFBC}") = "GuySerializer", "GuySerializer\GuySerializer.csproj", "{D47390FD-ADB7-4CE3-BF32-9FC7716D8804}"
EndProject
Global
	GlobalSection(SolutionConfigurationPlatforms) = preSolution
		Debug|Any CPU = Debug|Any CPU
		Release|Any CPU = Release|Any CPU
	EndGlobalSection
	GlobalSection(ProjectConfigurationPlatforms) = postSolution
		{D47390FD-ADB7-4CE3-BF32-9FC7716D8804}.Debug|Any CPU.ActiveCfg = Debug|Any CPU
		{D47390FD-ADB7-4CE3-BF32-9FC7716D8804}.Debug|Any CPU.Build.0 = Debug|Any CPU
		{D47390FD-ADB7-4CE3-BF32-9FC7716D8804}.Release|Any CPU.ActiveCfg = Release|Any CPU
		{D47390FD-ADB7-4CE3-BF32-9FC7716D8804}.Release|Any CPU.Build.0 = Release|Any CPU
	EndGlobalSection
	GlobalSection(SolutionProperties) = preSolution
		HideSolutionNode = FALSE
	EndGlobalSection
	GlobalSection(ExtensibilityGlobals) = postSolution
		SolutionGuid = {491D86B5-3C7D-490E-8D26-DE8CE5F344DF}
	EndGlobalSection
EndGlobal
