
Microsoft Visual Studio Solution File, Format Version 12.00
# Visual Studio Version 16
VisualStudioVersion = 16.0.28803.352
MinimumVisualStudioVersion = 10.0.40219.1
Project("{FAE04EC0-301F-11D3-BF4B-00C04F79EFBC}") = "Swindler", "Swindler\Swindler.csproj", "{00C9F6CB-DFEC-4A8E-873B-EDEC2642DD22}"
EndProject
Global
	GlobalSection(SolutionConfigurationPlatforms) = preSolution
		Debug|Any CPU = Debug|Any CPU
		Release|Any CPU = Release|Any CPU
	EndGlobalSection
	GlobalSection(ProjectConfigurationPlatforms) = postSolution
		{00C9F6CB-DFEC-4A8E-873B-EDEC2642DD22}.Debug|Any CPU.ActiveCfg = Debug|Any CPU
		{00C9F6CB-DFEC-4A8E-873B-EDEC2642DD22}.Debug|Any CPU.Build.0 = Debug|Any CPU
		{00C9F6CB-DFEC-4A8E-873B-EDEC2642DD22}.Release|Any CPU.ActiveCfg = Release|Any CPU
		{00C9F6CB-DFEC-4A8E-873B-EDEC2642DD22}.Release|Any CPU.Build.0 = Release|Any CPU
	EndGlobalSection
	GlobalSection(SolutionProperties) = preSolution
		HideSolutionNode = FALSE
	EndGlobalSection
	GlobalSection(ExtensibilityGlobals) = postSolution
		SolutionGuid = {46AC8856-C7C4-4896-9081-B6BB1A78D2BF}
	EndGlobalSection
EndGlobal
